// !$*UTF8*$!
{
	archiveVersion = 1;
	classes = {
	};
	objectVersion = 46;
	objects = {

/* Begin PBXBuildFile section */
		5D0ED67A1546C6C800D60286 /* UIKit.framework in Frameworks */ = {isa = PBXBuildFile; fileRef = 5D0ED6791546C6C800D60286 /* UIKit.framework */; };
		5D0ED67C1546C6C800D60286 /* Foundation.framework in Frameworks */ = {isa = PBXBuildFile; fileRef = 5D0ED67B1546C6C800D60286 /* Foundation.framework */; };
		5D0ED67E1546C6C800D60286 /* CoreGraphics.framework in Frameworks */ = {isa = PBXBuildFile; fileRef = 5D0ED67D1546C6C800D60286 /* CoreGraphics.framework */; };
		5D0ED6841546C6C800D60286 /* InfoPlist.strings in Resources */ = {isa = PBXBuildFile; fileRef = 5D0ED6821546C6C800D60286 /* InfoPlist.strings */; };
		5D0ED6861546C6C800D60286 /* main.m in Sources */ = {isa = PBXBuildFile; fileRef = 5D0ED6851546C6C800D60286 /* main.m */; };
		5D0ED68A1546C6C800D60286 /* ATBAppDelegate.m in Sources */ = {isa = PBXBuildFile; fileRef = 5D0ED6891546C6C800D60286 /* ATBAppDelegate.m */; };
		5D0ED68D1546C6C800D60286 /* MainStoryboard.storyboard in Resources */ = {isa = PBXBuildFile; fileRef = 5D0ED68B1546C6C800D60286 /* MainStoryboard.storyboard */; };
		5D0ED6901546C6C800D60286 /* ATBMainViewController.m in Sources */ = {isa = PBXBuildFile; fileRef = 5D0ED68F1546C6C800D60286 /* ATBMainViewController.m */; };
		5D0ED6931546C6C800D60286 /* ATBFlipsideViewController.m in Sources */ = {isa = PBXBuildFile; fileRef = 5D0ED6921546C6C800D60286 /* ATBFlipsideViewController.m */; };
		5D0ED69B1546C6C800D60286 /* SenTestingKit.framework in Frameworks */ = {isa = PBXBuildFile; fileRef = 5D0ED69A1546C6C800D60286 /* SenTestingKit.framework */; };
		5D0ED69C1546C6C800D60286 /* UIKit.framework in Frameworks */ = {isa = PBXBuildFile; fileRef = 5D0ED6791546C6C800D60286 /* UIKit.framework */; };
		5D0ED69D1546C6C800D60286 /* Foundation.framework in Frameworks */ = {isa = PBXBuildFile; fileRef = 5D0ED67B1546C6C800D60286 /* Foundation.framework */; };
		5D0ED6A51546C6C800D60286 /* InfoPlist.strings in Resources */ = {isa = PBXBuildFile; fileRef = 5D0ED6A31546C6C800D60286 /* InfoPlist.strings */; };
		5D0ED6A81546C6C800D60286 /* TicektControlTests.m in Sources */ = {isa = PBXBuildFile; fileRef = 5D0ED6A71546C6C800D60286 /* TicektControlTests.m */; };
/* End PBXBuildFile section */

/* Begin PBXContainerItemProxy section */
		5D0ED69E1546C6C800D60286 /* PBXContainerItemProxy */ = {
			isa = PBXContainerItemProxy;
			containerPortal = 5D0ED66C1546C6C800D60286 /* Project object */;
			proxyType = 1;
			remoteGlobalIDString = 5D0ED6741546C6C800D60286;
			remoteInfo = TicektControl;
		};
/* End PBXContainerItemProxy section */

/* Begin PBXFileReference section */
		5D0ED6751546C6C800D60286 /* TicektControl.app */ = {isa = PBXFileReference; explicitFileType = wrapper.application; includeInIndex = 0; path = TicektControl.app; sourceTree = BUILT_PRODUCTS_DIR; };
		5D0ED6791546C6C800D60286 /* UIKit.framework */ = {isa = PBXFileReference; lastKnownFileType = wrapper.framework; name = UIKit.framework; path = System/Library/Frameworks/UIKit.framework; sourceTree = SDKROOT; };
		5D0ED67B1546C6C800D60286 /* Foundation.framework */ = {isa = PBXFileReference; lastKnownFileType = wrapper.framework; name = Foundation.framework; path = System/Library/Frameworks/Foundation.framework; sourceTree = SDKROOT; };
		5D0ED67D1546C6C800D60286 /* CoreGraphics.framework */ = {isa = PBXFileReference; lastKnownFileType = wrapper.framework; name = CoreGraphics.framework; path = System/Library/Frameworks/CoreGraphics.framework; sourceTree = SDKROOT; };
		5D0ED6811546C6C800D60286 /* TicektControl-Info.plist */ = {isa = PBXFileReference; path = "TicektControl-Info.plist"; sourceTree = "<group>"; };
		5D0ED6831546C6C800D60286 /* en */ = {isa = PBXFileReference; lastKnownFileType = text.plist.strings; name = en; path = en.lproj/InfoPlist.strings; sourceTree = "<group>"; };
		5D0ED6851546C6C800D60286 /* main.m */ = {isa = PBXFileReference; lastKnownFileType = sourcecode.c.objc; path = main.m; sourceTree = "<group>"; };
		5D0ED6871546C6C800D60286 /* TicektControl-Prefix.pch */ = {isa = PBXFileReference; path = "TicektControl-Prefix.pch"; sourceTree = "<group>"; };
		5D0ED6881546C6C800D60286 /* ATBAppDelegate.h */ = {isa = PBXFileReference; path = ATBAppDelegate.h; sourceTree = "<group>"; };
		5D0ED6891546C6C800D60286 /* ATBAppDelegate.m */ = {isa = PBXFileReference; lastKnownFileType = sourcecode.c.objc; path = ATBAppDelegate.m; sourceTree = "<group>"; };
		5D0ED68C1546C6C800D60286 /* en */ = {isa = PBXFileReference; lastKnownFileType = file.storyboard; name = en; path = en.lproj/MainStoryboard.storyboard; sourceTree = "<group>"; };
		5D0ED68E1546C6C800D60286 /* ATBMainViewController.h */ = {isa = PBXFileReference; path = ATBMainViewController.h; sourceTree = "<group>"; };
		5D0ED68F1546C6C800D60286 /* ATBMainViewController.m */ = {isa = PBXFileReference; lastKnownFileType = sourcecode.c.objc; path = ATBMainViewController.m; sourceTree = "<group>"; };
		5D0ED6911546C6C800D60286 /* ATBFlipsideViewController.h */ = {isa = PBXFileReference; path = ATBFlipsideViewController.h; sourceTree = "<group>"; };
		5D0ED6921546C6C800D60286 /* ATBFlipsideViewController.m */ = {isa = PBXFileReference; lastKnownFileType = sourcecode.c.objc; path = ATBFlipsideViewController.m; sourceTree = "<group>"; };
		5D0ED6991546C6C800D60286 /* TicektControlTests.octest */ = {isa = PBXFileReference; explicitFileType = wrapper.cfbundle; includeInIndex = 0; path = TicektControlTests.octest; sourceTree = BUILT_PRODUCTS_DIR; };
		5D0ED69A1546C6C800D60286 /* SenTestingKit.framework */ = {isa = PBXFileReference; lastKnownFileType = wrapper.framework; name = SenTestingKit.framework; path = Library/Frameworks/SenTestingKit.framework; sourceTree = DEVELOPER_DIR; };
		5D0ED6A21546C6C800D60286 /* TicektControlTests-Info.plist */ = {isa = PBXFileReference; path = "TicektControlTests-Info.plist"; sourceTree = "<group>"; };
		5D0ED6A41546C6C800D60286 /* en */ = {isa = PBXFileReference; lastKnownFileType = text.plist.strings; name = en; path = en.lproj/InfoPlist.strings; sourceTree = "<group>"; };
		5D0ED6A61546C6C800D60286 /* TicektControlTests.h */ = {isa = PBXFileReference; path = TicektControlTests.h; sourceTree = "<group>"; };
		5D0ED6A71546C6C800D60286 /* TicektControlTests.m */ = {isa = PBXFileReference; lastKnownFileType = sourcecode.c.objc; path = TicektControlTests.m; sourceTree = "<group>"; };
/* End PBXFileReference section */

/* Begin PBXFrameworksBuildPhase section */
		5D0ED6721546C6C800D60286 /* Frameworks */ = {
			isa = PBXFrameworksBuildPhase;
			buildActionMask = 2147483647;
			files = (
				5D0ED67A1546C6C800D60286 /* UIKit.framework in Frameworks */,
				5D0ED67C1546C6C800D60286 /* Foundation.framework in Frameworks */,
				5D0ED67E1546C6C800D60286 /* CoreGraphics.framework in Frameworks */,
			);
			runOnlyForDeploymentPostprocessing = 0;
		};
		5D0ED6951546C6C800D60286 /* Frameworks */ = {
			isa = PBXFrameworksBuildPhase;
			buildActionMask = 2147483647;
			files = (
				5D0ED69B1546C6C800D60286 /* SenTestingKit.framework in Frameworks */,
				5D0ED69C1546C6C800D60286 /* UIKit.framework in Frameworks */,
				5D0ED69D1546C6C800D60286 /* Foundation.framework in Frameworks */,
			);
			runOnlyForDeploymentPostprocessing = 0;
		};
/* End PBXFrameworksBuildPhase section */

/* Begin PBXGroup section */
		5D0ED66A1546C6C800D60286 = {
			isa = PBXGroup;
			children = (
				5D0ED67F1546C6C800D60286 /* TicektControl */,
				5D0ED6A01546C6C800D60286 /* TicektControlTests */,
				5D0ED6781546C6C800D60286 /* Frameworks */,
				5D0ED6761546C6C800D60286 /* Products */,
			);
			sourceTree = "<group>";
		};
		5D0ED6761546C6C800D60286 /* Products */ = {
			isa = PBXGroup;
			children = (
				5D0ED6751546C6C800D60286 /* TicektControl.app */,
				5D0ED6991546C6C800D60286 /* TicektControlTests.octest */,
			);
			name = Products;
			sourceTree = "<group>";
		};
		5D0ED6781546C6C800D60286 /* Frameworks */ = {
			isa = PBXGroup;
			children = (
				5D0ED6791546C6C800D60286 /* UIKit.framework */,
				5D0ED67B1546C6C800D60286 /* Foundation.framework */,
				5D0ED67D1546C6C800D60286 /* CoreGraphics.framework */,
				5D0ED69A1546C6C800D60286 /* SenTestingKit.framework */,
			);
			name = Frameworks;
			sourceTree = "<group>";
		};
		5D0ED67F1546C6C800D60286 /* TicektControl */ = {
			isa = PBXGroup;
			children = (
				5D0ED6881546C6C800D60286 /* ATBAppDelegate.h */,
				5D0ED6891546C6C800D60286 /* ATBAppDelegate.m */,
				5D0ED68B1546C6C800D60286 /* MainStoryboard.storyboard */,
				5D0ED68E1546C6C800D60286 /* ATBMainViewController.h */,
				5D0ED68F1546C6C800D60286 /* ATBMainViewController.m */,
				5D0ED6911546C6C800D60286 /* ATBFlipsideViewController.h */,
				5D0ED6921546C6C800D60286 /* ATBFlipsideViewController.m */,
				5D0ED6801546C6C800D60286 /* Supporting Files */,
			);
			path = TicektControl;
			sourceTree = "<group>";
		};
		5D0ED6801546C6C800D60286 /* Supporting Files */ = {
			isa = PBXGroup;
			children = (
				5D0ED6811546C6C800D60286 /* TicektControl-Info.plist */,
				5D0ED6821546C6C800D60286 /* InfoPlist.strings */,
				5D0ED6851546C6C800D60286 /* main.m */,
				5D0ED6871546C6C800D60286 /* TicektControl-Prefix.pch */,
			);
			name = "Supporting Files";
			sourceTree = "<group>";
		};
		5D0ED6A01546C6C800D60286 /* TicektControlTests */ = {
			isa = PBXGroup;
			children = (
				5D0ED6A61546C6C800D60286 /* TicektControlTests.h */,
				5D0ED6A71546C6C800D60286 /* TicektControlTests.m */,
				5D0ED6A11546C6C800D60286 /* Supporting Files */,
			);
			path = TicektControlTests;
			sourceTree = "<group>";
		};
		5D0ED6A11546C6C800D60286 /* Supporting Files */ = {
			isa = PBXGroup;
			children = (
				5D0ED6A21546C6C800D60286 /* TicektControlTests-Info.plist */,
				5D0ED6A31546C6C800D60286 /* InfoPlist.strings */,
			);
			name = "Supporting Files";
			sourceTree = "<group>";
		};
/* End PBXGroup section */

/* Begin PBXNativeTarget section */
		5D0ED6741546C6C800D60286 /* TicektControl */ = {
			isa = PBXNativeTarget;
			buildConfigurationList = 5D0ED6AB1546C6C800D60286 /* Build configuration list for PBXNativeTarget "TicektControl" */;
			buildPhases = (
				5D0ED6711546C6C800D60286 /* Sources */,
				5D0ED6721546C6C800D60286 /* Frameworks */,
				5D0ED6731546C6C800D60286 /* Resources */,
			);
			buildRules = (
			);
			dependencies = (
			);
			name = TicektControl;
			productName = TicektControl;
			productReference = 5D0ED6751546C6C800D60286 /* TicektControl.app */;
			productType = "com.apple.product-type.application";
		};
		5D0ED6981546C6C800D60286 /* TicektControlTests */ = {
			isa = PBXNativeTarget;
			buildConfigurationList = 5D0ED6AE1546C6C800D60286 /* Build configuration list for PBXNativeTarget "TicektControlTests" */;
			buildPhases = (
				5D0ED6941546C6C800D60286 /* Sources */,
				5D0ED6951546C6C800D60286 /* Frameworks */,
				5D0ED6961546C6C800D60286 /* Resources */,
				5D0ED6971546C6C800D60286 /* ShellScript */,
			);
			buildRules = (
			);
			dependencies = (
				5D0ED69F1546C6C800D60286 /* PBXTargetDependency */,
			);
			name = TicektControlTests;
			productName = TicektControlTests;
			productReference = 5D0ED6991546C6C800D60286 /* TicektControlTests.octest */;
			productType = "com.apple.product-type.bundle";
		};
/* End PBXNativeTarget section */

/* Begin PBXProject section */
		5D0ED66C1546C6C800D60286 /* Project object */ = {
			isa = PBXProject;
			attributes = {
				LastUpgradeCheck = 0420;
				ORGANIZATIONNAME = "Wtw AS";
			};
			buildConfigurationList = 5D0ED66F1546C6C800D60286 /* Build configuration list for PBXProject "TicektControl" */;
			compatibilityVersion = "Xcode 3.2";
			developmentRegion = English;
			hasScannedForEncodings = 0;
			knownRegions = (
				en,
			);
			mainGroup = 5D0ED66A1546C6C800D60286;
			productRefGroup = 5D0ED6761546C6C800D60286 /* Products */;
			projectDirPath = "";
			projectRoot = "";
			targets = (
				5D0ED6741546C6C800D60286 /* TicektControl */,
				5D0ED6981546C6C800D60286 /* TicektControlTests */,
			);
		};
/* End PBXProject section */

/* Begin PBXResourcesBuildPhase section */
		5D0ED6731546C6C800D60286 /* Resources */ = {
			isa = PBXResourcesBuildPhase;
			buildActionMask = 2147483647;
			files = (
				5D0ED6841546C6C800D60286 /* InfoPlist.strings in Resources */,
				5D0ED68D1546C6C800D60286 /* MainStoryboard.storyboard in Resources */,
			);
			runOnlyForDeploymentPostprocessing = 0;
		};
		5D0ED6961546C6C800D60286 /* Resources */ = {
			isa = PBXResourcesBuildPhase;
			buildActionMask = 2147483647;
			files = (
				5D0ED6A51546C6C800D60286 /* InfoPlist.strings in Resources */,
			);
			runOnlyForDeploymentPostprocessing = 0;
		};
/* End PBXResourcesBuildPhase section */

/* Begin PBXShellScriptBuildPhase section */
		5D0ED6971546C6C800D60286 /* ShellScript */ = {
			isa = PBXShellScriptBuildPhase;
			buildActionMask = 2147483647;
			files = (
			);
			inputPaths = (
			);
			outputPaths = (
			);
			runOnlyForDeploymentPostprocessing = 0;
			shellPath = /bin/sh;
			shellScript = "# Run the unit tests in this test bundle.\n\"${SYSTEM_DEVELOPER_DIR}/Tools/RunUnitTests\"\n";
		};
/* End PBXShellScriptBuildPhase section */

/* Begin PBXSourcesBuildPhase section */
		5D0ED6711546C6C800D60286 /* Sources */ = {
			isa = PBXSourcesBuildPhase;
			buildActionMask = 2147483647;
			files = (
				5D0ED6861546C6C800D60286 /* main.m in Sources */,
				5D0ED68A1546C6C800D60286 /* ATBAppDelegate.m in Sources */,
				5D0ED6901546C6C800D60286 /* ATBMainViewController.m in Sources */,
				5D0ED6931546C6C800D60286 /* ATBFlipsideViewController.m in Sources */,
			);
			runOnlyForDeploymentPostprocessing = 0;
		};
		5D0ED6941546C6C800D60286 /* Sources */ = {
			isa = PBXSourcesBuildPhase;
			buildActionMask = 2147483647;
			files = (
				5D0ED6A81546C6C800D60286 /* TicektControlTests.m in Sources */,
			);
			runOnlyForDeploymentPostprocessing = 0;
		};
/* End PBXSourcesBuildPhase section */

/* Begin PBXTargetDependency section */
		5D0ED69F1546C6C800D60286 /* PBXTargetDependency */ = {
			isa = PBXTargetDependency;
			target = 5D0ED6741546C6C800D60286 /* TicektControl */;
			targetProxy = 5D0ED69E1546C6C800D60286 /* PBXContainerItemProxy */;
		};
/* End PBXTargetDependency section */

/* Begin PBXVariantGroup section */
		5D0ED6821546C6C800D60286 /* InfoPlist.strings */ = {
			isa = PBXVariantGroup;
			children = (
				5D0ED6831546C6C800D60286 /* en */,
			);
			name = InfoPlist.strings;
			sourceTree = "<group>";
		};
		5D0ED68B1546C6C800D60286 /* MainStoryboard.storyboard */ = {
			isa = PBXVariantGroup;
			children = (
				5D0ED68C1546C6C800D60286 /* en */,
			);
			name = MainStoryboard.storyboard;
			sourceTree = "<group>";
		};
		5D0ED6A31546C6C800D60286 /* InfoPlist.strings */ = {
			isa = PBXVariantGroup;
			children = (
				5D0ED6A41546C6C800D60286 /* en */,
			);
			name = InfoPlist.strings;
			sourceTree = "<group>";
		};
/* End PBXVariantGroup section */

/* Begin XCBuildConfiguration section */
		5D0ED6A91546C6C800D60286 /* Debug */ = {
			isa = XCBuildConfiguration;
			buildSettings = {
				ALWAYS_SEARCH_USER_PATHS = NO;
				ARCHS = "$(ARCHS_STANDARD_32_BIT)";
				CLANG_ENABLE_OBJC_ARC = YES;
				"CODE_SIGN_IDENTITY[sdk=iphoneos*]" = "iPhone Developer";
				COPY_PHASE_STRIP = NO;
				GCC_C_LANGUAGE_STANDARD = gnu99;
				GCC_DYNAMIC_NO_PIC = NO;
				GCC_OPTIMIZATION_LEVEL = 0;
				GCC_PREPROCESSOR_DEFINITIONS = (
					"DEBUG=1",
					"$(inherited)",
				);
				GCC_SYMBOLS_PRIVATE_EXTERN = NO;
				GCC_VERSION = com.apple.compilers.llvm.clang.1_0;
				GCC_WARN_ABOUT_MISSING_PROTOTYPES = YES;
				GCC_WARN_ABOUT_RETURN_TYPE = YES;
				GCC_WARN_UNUSED_VARIABLE = YES;
				IPHONEOS_DEPLOYMENT_TARGET = 5.0;
				SDKROOT = iphoneos;
				TARGETED_DEVICE_FAMILY = 2;
			};
			name = Debug;
		};
		5D0ED6AA1546C6C800D60286 /* Release */ = {
			isa = XCBuildConfiguration;
			buildSettings = {
				ALWAYS_SEARCH_USER_PATHS = NO;
				ARCHS = "$(ARCHS_STANDARD_32_BIT)";
				CLANG_ENABLE_OBJC_ARC = YES;
				"CODE_SIGN_IDENTITY[sdk=iphoneos*]" = "iPhone Developer";
				COPY_PHASE_STRIP = YES;
				GCC_C_LANGUAGE_STANDARD = gnu99;
				GCC_VERSION = com.apple.compilers.llvm.clang.1_0;
				GCC_WARN_ABOUT_MISSING_PROTOTYPES = YES;
				GCC_WARN_ABOUT_RETURN_TYPE = YES;
				GCC_WARN_UNUSED_VARIABLE = YES;
				IPHONEOS_DEPLOYMENT_TARGET = 5.0;
				OTHER_CFLAGS = "-DNS_BLOCK_ASSERTIONS=1";
				SDKROOT = iphoneos;
				TARGETED_DEVICE_FAMILY = 2;
				VALIDATE_PRODUCT = YES;
			};
			name = Release;
		};
		5D0ED6AC1546C6C800D60286 /* Debug */ = {
			isa = XCBuildConfiguration;
			buildSettings = {
				GCC_PRECOMPILE_PREFIX_HEADER = YES;
				GCC_PREFIX_HEADER = "TicektControl/TicektControl-Prefix.pch";
				INFOPLIST_FILE = "TicektControl/TicektControl-Info.plist";
				PRODUCT_NAME = "$(TARGET_NAME)";
				WRAPPER_EXTENSION = app;
			};
			name = Debug;
		};
		5D0ED6AD1546C6C800D60286 /* Release */ = {
			isa = XCBuildConfiguration;
			buildSettings = {
				GCC_PRECOMPILE_PREFIX_HEADER = YES;
				GCC_PREFIX_HEADER = "TicektControl/TicektControl-Prefix.pch";
				INFOPLIST_FILE = "TicektControl/TicektControl-Info.plist";
				PRODUCT_NAME = "$(TARGET_NAME)";
				WRAPPER_EXTENSION = app;
			};
			name = Release;
		};
		5D0ED6AF1546C6C800D60286 /* Debug */ = {
			isa = XCBuildConfiguration;
			buildSettings = {
				BUNDLE_LOADER = "$(BUILT_PRODUCTS_DIR)/TicektControl.app/TicektControl";
				FRAMEWORK_SEARCH_PATHS = (
					"$(SDKROOT)/Developer/Library/Frameworks",
					"$(DEVELOPER_LIBRARY_DIR)/Frameworks",
				);
				GCC_PRECOMPILE_PREFIX_HEADER = YES;
				GCC_PREFIX_HEADER = "TicektControl/TicektControl-Prefix.pch";
				INFOPLIST_FILE = "TicektControlTests/TicektControlTests-Info.plist";
				PRODUCT_NAME = "$(TARGET_NAME)";
				TEST_HOST = "$(BUNDLE_LOADER)";
				WRAPPER_EXTENSION = octest;
			};
			name = Debug;
		};
		5D0ED6B01546C6C800D60286 /* Release */ = {
			isa = XCBuildConfiguration;
			buildSettings = {
				BUNDLE_LOADER = "$(BUILT_PRODUCTS_DIR)/TicektControl.app/TicektControl";
				FRAMEWORK_SEARCH_PATHS = (
					"$(SDKROOT)/Developer/Library/Frameworks",
					"$(DEVELOPER_LIBRARY_DIR)/Frameworks",
				);
				GCC_PRECOMPILE_PREFIX_HEADER = YES;
				GCC_PREFIX_HEADER = "TicektControl/TicektControl-Prefix.pch";
				INFOPLIST_FILE = "TicektControlTests/TicektControlTests-Info.plist";
				PRODUCT_NAME = "$(TARGET_NAME)";
				TEST_HOST = "$(BUNDLE_LOADER)";
				WRAPPER_EXTENSION = octest;
			};
			name = Release;
		};
/* End XCBuildConfiguration section */

/* Begin XCConfigurationList section */
		5D0ED66F1546C6C800D60286 /* Build configuration list for PBXProject "TicektControl" */ = {
			isa = XCConfigurationList;
			buildConfigurations = (
				5D0ED6A91546C6C800D60286 /* Debug */,
				5D0ED6AA1546C6C800D60286 /* Release */,
			);
			defaultConfigurationIsVisible = 0;
			defaultConfigurationName = Release;
		};
		5D0ED6AB1546C6C800D60286 /* Build configuration list for PBXNativeTarget "TicektControl" */ = {
			isa = XCConfigurationList;
			buildConfigurations = (
				5D0ED6AC1546C6C800D60286 /* Debug */,
				5D0ED6AD1546C6C800D60286 /* Release */,
			);
			defaultConfigurationIsVisible = 0;
		};
		5D0ED6AE1546C6C800D60286 /* Build configuration list for PBXNativeTarget "TicektControlTests" */ = {
			isa = XCConfigurationList;
			buildConfigurations = (
				5D0ED6AF1546C6C800D60286 /* Debug */,
				5D0ED6B01546C6C800D60286 /* Release */,
			);
			defaultConfigurationIsVisible = 0;
		};
/* End XCConfigurationList section */
	};
	rootObject = 5D0ED66C1546C6C800D60286 /* Project object */;
}
